{
    "_meta": {
        "hash": {
            "sha256": "79cf62687d3d8af2e125932160cf7307f8ff5d599c2ec101075dbf0482fe7eb7"
        },
        "pipfile-spec": 6,
        "requires": {
            "python_version": "3.8"
        },
        "sources": [
            {
                "name": "pypi",
                "url": "https://pypi.org/simple",
                "verify_ssl": true
            }
        ]
    },
    "default": {
        "certifi": {
            "hashes": [
                "sha256:1a4995114262bffbc2413b159f2a1a480c969de6e6eb13ee966d470af86af59c",
                "sha256:719a74fb9e33b9bd44cc7f3a8d94bc35e4049deebe19ba7d8e108280cfd59830"
            ],
            "version": "==2020.12.5"
        },
        "chardet": {
            "hashes": [
                "sha256:0d6f53a15db4120f2b08c94f11e7d93d2c911ee118b6b30a04ec3ee8310179fa",
                "sha256:f864054d66fd9118f2e67044ac8981a54775ec5b67aed0441892edb553d21da5"
            ],
            "markers": "python_version >= '2.7' and python_version not in '3.0, 3.1, 3.2, 3.3, 3.4'",
            "version": "==4.0.0"
        },
        "geojson": {
            "hashes": [
                "sha256:6e4bb7ace4226a45d9c8c8b1348b3fc43540658359f93c3f7e03efa9f15f658a",
                "sha256:ccbd13368dd728f4e4f13ffe6aaf725b6e802c692ba0dde628be475040c534ba"
            ],
            "version": "==2.5.0"
        },
        "idna": {
            "hashes": [
                "sha256:b307872f855b18632ce0c21c5e45be78c0ea7ae4c15c828c20788b26921eb3f6",
                "sha256:b97d804b1e9b523befed77c48dacec60e6dcb0b5391d57af6a65a312a90648c0"
            ],
            "markers": "python_version >= '2.7' and python_version not in '3.0, 3.1, 3.2, 3.3'",
            "version": "==2.10"
        },
        "pyowm": {
            "hashes": [
                "sha256:22f94436533835d579d288ebd6d565e772461459a519bc17918d1186d041b444",
                "sha256:70dbeb41716937ccee694cc9f93c55e08781a019772b9683fed550ce81aefe02",
                "sha256:93d0fc2c38ae83ef8243f9b154de4d21dd1a28a996abfb8e262c7d88895d1b27",
                "sha256:a7b18297a9189dbe5f6b454b12d61a407e35c7eb9ca75bcabfe5e1c83245290d"
            ],
            "index": "pypi",
            "version": "==3.1.1"
        },
        "pysocks": {
            "hashes": [
                "sha256:08e69f092cc6dbe92a0fdd16eeb9b9ffbc13cadfe5ca4c7bd92ffb078b293299",
                "sha256:2725bd0a9925919b9b51739eea5f9e2bae91e83288108a9ad338b2e3a4435ee5",
                "sha256:3f8804571ebe159c380ac6de37643bb4685970655d3bba243530d6558b799aa0"
            ],
            "version": "==1.7.1"
        },
        "python-dotenv": {
            "hashes": [
                "sha256:0c8d1b80d1a1e91717ea7d526178e3882732420b03f08afea0406db6402e220e",
                "sha256:587825ed60b1711daea4832cf37524dfd404325b7db5e25ebe88c495c9f807a0"
            ],
            "index": "pypi",
            "version": "==0.15.0"
        },
        "requests": {
            "extras": [
                "socks"
            ],
            "hashes": [
                "sha256:27973dd4a904a4f13b263a19c866c13b92a39ed1c964655f025f3f8d3d75b804",
                "sha256:c210084e36a42ae6b9219e00e48287def368a26d03a048ddad7bfee44f75871e"
            ],
            "markers": "python_version >= '2.7' and python_version not in '3.0, 3.1, 3.2, 3.3, 3.4'",
            "version": "==2.25.1"
        },
        "urllib3": {
            "hashes": [
                "sha256:1b465e494e3e0d8939b50680403e3aedaa2bc434b7d5af64dfd3c958d7f5ae80",
                "sha256:de3eedaad74a2683334e282005cd8d7f22f4d55fa690a2a1020a416cb0a47e73"
            ],
            "markers": "python_version >= '2.7' and python_version not in '3.0, 3.1, 3.2, 3.3, 3.4' and python_version < '4'",
            "version": "==1.26.3"
        }
    },
    "develop": {}
}
